
Microsoft Visual Studio Solution File, Format Version 12.00
# Visual Studio 2012
Project("{FAE04EC0-301F-11D3-BF4B-00C04F79EFBC}") = "DevTeachWeb", "DevTeachWeb\DevTeachWeb.csproj", "{DEABFCBC-735A-413F-B796-6D517E533D05}"
EndProject
Project("{2150E333-8FDC-42A3-9474-1A3956D46DE8}") = ".nuget", ".nuget", "{BFAB0954-35D8-4712-AF40-39CC2A116C95}"
	ProjectSection(SolutionItems) = preProject
		.nuget\NuGet.Config = .nuget\NuGet.Config
		.nuget\NuGet.exe = .nuget\NuGet.exe
		.nuget\NuGet.targets = .nuget\NuGet.targets
	EndProjectSection
EndProject
Global
	GlobalSection(SolutionConfigurationPlatforms) = preSolution
		Debug|Any CPU = Debug|Any CPU
		Release|Any CPU = Release|Any CPU
	EndGlobalSection
	GlobalSection(ProjectConfigurationPlatforms) = postSolution
		{DEABFCBC-735A-413F-B796-6D517E533D05}.Debug|Any CPU.ActiveCfg = Debug|Any CPU
		{DEABFCBC-735A-413F-B796-6D517E533D05}.Debug|Any CPU.Build.0 = Debug|Any CPU
		{DEABFCBC-735A-413F-B796-6D517E533D05}.Release|Any CPU.ActiveCfg = Release|Any CPU
		{DEABFCBC-735A-413F-B796-6D517E533D05}.Release|Any CPU.Build.0 = Release|Any CPU
	EndGlobalSection
	GlobalSection(SolutionProperties) = preSolution
		HideSolutionNode = FALSE
	EndGlobalSection
EndGlobal
